// !$*UTF8*$!
{
	archiveVersion = 1;
	classes = {
	};
	objectVersion = 55;
	objects = {

/* Begin PBXBuildFile section */
		3153DA1D27EB581E0071264B /* AppDelegate.swift in Sources */ = {isa = PBXBuildFile; fileRef = 3153DA1C27EB581E0071264B /* AppDelegate.swift */; };
		3153DA1F27EB581E0071264B /* SceneDelegate.swift in Sources */ = {isa = PBXBuildFile; fileRef = 3153DA1E27EB581E0071264B /* SceneDelegate.swift */; };
		3153DA2427EB581E0071264B /* Main.storyboard in Resources */ = {isa = PBXBuildFile; fileRef = 3153DA2227EB581E0071264B /* Main.storyboard */; };
		3153DA2627EB58220071264B /* Assets.xcassets in Resources */ = {isa = PBXBuildFile; fileRef = 3153DA2527EB58220071264B /* Assets.xcassets */; };
		3153DA2927EB58220071264B /* LaunchScreen.storyboard in Resources */ = {isa = PBXBuildFile; fileRef = 3153DA2727EB58220071264B /* LaunchScreen.storyboard */; };
		3153DA3427EB58230071264B /* instagram_projectTests.swift in Sources */ = {isa = PBXBuildFile; fileRef = 3153DA3327EB58230071264B /* instagram_projectTests.swift */; };
		3153DA3E27EB58230071264B /* instagram_projectUITests.swift in Sources */ = {isa = PBXBuildFile; fileRef = 3153DA3D27EB58230071264B /* instagram_projectUITests.swift */; };
		3153DA4027EB58230071264B /* instagram_projectUITestsLaunchTests.swift in Sources */ = {isa = PBXBuildFile; fileRef = 3153DA3F27EB58230071264B /* instagram_projectUITestsLaunchTests.swift */; };
		3153DA4D27EB5DE90071264B /* LoginViewController.swift in Sources */ = {isa = PBXBuildFile; fileRef = 3153DA4C27EB5DE90071264B /* LoginViewController.swift */; };
		3153DA4F27EB5E000071264B /* FeedViewController.swift in Sources */ = {isa = PBXBuildFile; fileRef = 3153DA4E27EB5E000071264B /* FeedViewController.swift */; };
		3153DA5127EB6EAD0071264B /* CameraViewController.swift in Sources */ = {isa = PBXBuildFile; fileRef = 3153DA5027EB6EAD0071264B /* CameraViewController.swift */; };
		3153DA5327EBAC950071264B /* PostCell.swift in Sources */ = {isa = PBXBuildFile; fileRef = 3153DA5227EBAC950071264B /* PostCell.swift */; };
		8F8C1B3C320F82B4A887F991 /* Pods_instagram_project_instagram_projectUITests.framework in Frameworks */ = {isa = PBXBuildFile; fileRef = 13CAA36B0CE5AC4043EB082D /* Pods_instagram_project_instagram_projectUITests.framework */; };
		C6FE91E1839E7785F1FFB08E /* Pods_instagram_projectTests.framework in Frameworks */ = {isa = PBXBuildFile; fileRef = BB251715E6135D56DC94B4EC /* Pods_instagram_projectTests.framework */; };
		FE59612B55DEC4EB076831D7 /* Pods_instagram_project.framework in Frameworks */ = {isa = PBXBuildFile; fileRef = DA5A2C4B9CC86987D7BE93D1 /* Pods_instagram_project.framework */; };
/* End PBXBuildFile section */

/* Begin PBXContainerItemProxy section */
		3153DA3027EB58230071264B /* PBXContainerItemProxy */ = {
			isa = PBXContainerItemProxy;
			containerPortal = 3153DA1127EB581E0071264B /* Project object */;
			proxyType = 1;
			remoteGlobalIDString = 3153DA1827EB581E0071264B;
			remoteInfo = instagram_project;
		};
		3153DA3A27EB58230071264B /* PBXContainerItemProxy */ = {
			isa = PBXContainerItemProxy;
			containerPortal = 3153DA1127EB581E0071264B /* Project object */;
			proxyType = 1;
			remoteGlobalIDString = 3153DA1827EB581E0071264B;
			remoteInfo = instagram_project;
		};
/* End PBXContainerItemProxy section */

/* Begin PBXFileReference section */
		1291E76378F65784478B95F3 /* Pods-instagram_project.release.xcconfig */ = {isa = PBXFileReference; includeInIndex = 1; lastKnownFileType = text.xcconfig; name = "Pods-instagram_project.release.xcconfig"; path = "Target Support Files/Pods-instagram_project/Pods-instagram_project.release.xcconfig"; sourceTree = "<group>"; };
		13CAA36B0CE5AC4043EB082D /* Pods_instagram_project_instagram_projectUITests.framework */ = {isa = PBXFileReference; explicitFileType = wrapper.framework; includeInIndex = 0; path = Pods_instagram_project_instagram_projectUITests.framework; sourceTree = BUILT_PRODUCTS_DIR; };
		311D82FA3398C13C46CB4D60 /* Pods-instagram_project-instagram_projectUITests.release.xcconfig */ = {isa = PBXFileReference; includeInIndex = 1; lastKnownFileType = text.xcconfig; name = "Pods-instagram_project-instagram_projectUITests.release.xcconfig"; path = "Target Support Files/Pods-instagram_project-instagram_projectUITests/Pods-instagram_project-instagram_projectUITests.release.xcconfig"; sourceTree = "<group>"; };
		3153DA1927EB581E0071264B /* instagram_project.app */ = {isa = PBXFileReference; explicitFileType = wrapper.application; includeInIndex = 0; path = instagram_project.app; sourceTree = BUILT_PRODUCTS_DIR; };
		3153DA1C27EB581E0071264B /* AppDelegate.swift */ = {isa = PBXFileReference; lastKnownFileType = sourcecode.swift; path = AppDelegate.swift; sourceTree = "<group>"; };
		3153DA1E27EB581E0071264B /* SceneDelegate.swift */ = {isa = PBXFileReference; lastKnownFileType = sourcecode.swift; path = SceneDelegate.swift; sourceTree = "<group>"; };
		3153DA2327EB581E0071264B /* Base */ = {isa = PBXFileReference; lastKnownFileType = file.storyboard; name = Base; path = Base.lproj/Main.storyboard; sourceTree = "<group>"; };
		3153DA2527EB58220071264B /* Assets.xcassets */ = {isa = PBXFileReference; lastKnownFileType = folder.assetcatalog; path = Assets.xcassets; sourceTree = "<group>"; };
		3153DA2827EB58220071264B /* Base */ = {isa = PBXFileReference; lastKnownFileType = file.storyboard; name = Base; path = Base.lproj/LaunchScreen.storyboard; sourceTree = "<group>"; };
		3153DA2A27EB58220071264B /* Info.plist */ = {isa = PBXFileReference; lastKnownFileType = text.plist.xml; path = Info.plist; sourceTree = "<group>"; };
		3153DA2F27EB58230071264B /* instagram_projectTests.xctest */ = {isa = PBXFileReference; explicitFileType = wrapper.cfbundle; includeInIndex = 0; path = instagram_projectTests.xctest; sourceTree = BUILT_PRODUCTS_DIR; };
		3153DA3327EB58230071264B /* instagram_projectTests.swift */ = {isa = PBXFileReference; lastKnownFileType = sourcecode.swift; path = instagram_projectTests.swift; sourceTree = "<group>"; };
		3153DA3927EB58230071264B /* instagram_projectUITests.xctest */ = {isa = PBXFileReference; explicitFileType = wrapper.cfbundle; includeInIndex = 0; path = instagram_projectUITests.xctest; sourceTree = BUILT_PRODUCTS_DIR; };
		3153DA3D27EB58230071264B /* instagram_projectUITests.swift */ = {isa = PBXFileReference; lastKnownFileType = sourcecode.swift; path = instagram_projectUITests.swift; sourceTree = "<group>"; };
		3153DA3F27EB58230071264B /* instagram_projectUITestsLaunchTests.swift */ = {isa = PBXFileReference; lastKnownFileType = sourcecode.swift; path = instagram_projectUITestsLaunchTests.swift; sourceTree = "<group>"; };
		3153DA4C27EB5DE90071264B /* LoginViewController.swift */ = {isa = PBXFileReference; lastKnownFileType = sourcecode.swift; path = LoginViewController.swift; sourceTree = "<group>"; };
		3153DA4E27EB5E000071264B /* FeedViewController.swift */ = {isa = PBXFileReference; lastKnownFileType = sourcecode.swift; path = FeedViewController.swift; sourceTree = "<group>"; };
		3153DA5027EB6EAD0071264B /* CameraViewController.swift */ = {isa = PBXFileReference; lastKnownFileType = sourcecode.swift; path = CameraViewController.swift; sourceTree = "<group>"; };
		3153DA5227EBAC950071264B /* PostCell.swift */ = {isa = PBXFileReference; lastKnownFileType = sourcecode.swift; path = PostCell.swift; sourceTree = "<group>"; };
		A01416E6E0971C3C2071D56E /* Pods-instagram_projectTests.release.xcconfig */ = {isa = PBXFileReference; includeInIndex = 1; lastKnownFileType = text.xcconfig; name = "Pods-instagram_projectTests.release.xcconfig"; path = "Target Support Files/Pods-instagram_projectTests/Pods-instagram_projectTests.release.xcconfig"; sourceTree = "<group>"; };
		ADF2C8FB3468D8C848170068 /* Pods-instagram_project.debug.xcconfig */ = {isa = PBXFileReference; includeInIndex = 1; lastKnownFileType = text.xcconfig; name = "Pods-instagram_project.debug.xcconfig"; path = "Target Support Files/Pods-instagram_project/Pods-instagram_project.debug.xcconfig"; sourceTree = "<group>"; };
		BB251715E6135D56DC94B4EC /* Pods_instagram_projectTests.framework */ = {isa = PBXFileReference; explicitFileType = wrapper.framework; includeInIndex = 0; path = Pods_instagram_projectTests.framework; sourceTree = BUILT_PRODUCTS_DIR; };
		DA5A2C4B9CC86987D7BE93D1 /* Pods_instagram_project.framework */ = {isa = PBXFileReference; explicitFileType = wrapper.framework; includeInIndex = 0; path = Pods_instagram_project.framework; sourceTree = BUILT_PRODUCTS_DIR; };
		F6F99EC5634DF7E2D327182B /* Pods-instagram_project-instagram_projectUITests.debug.xcconfig */ = {isa = PBXFileReference; includeInIndex = 1; lastKnownFileType = text.xcconfig; name = "Pods-instagram_project-instagram_projectUITests.debug.xcconfig"; path = "Target Support Files/Pods-instagram_project-instagram_projectUITests/Pods-instagram_project-instagram_projectUITests.debug.xcconfig"; sourceTree = "<group>"; };
		FE2E2DD59F83F652A850ECFB /* Pods-instagram_projectTests.debug.xcconfig */ = {isa = PBXFileReference; includeInIndex = 1; lastKnownFileType = text.xcconfig; name = "Pods-instagram_projectTests.debug.xcconfig"; path = "Target Support Files/Pods-instagram_projectTests/Pods-instagram_projectTests.debug.xcconfig"; sourceTree = "<group>"; };
/* End PBXFileReference section */

/* Begin PBXFrameworksBuildPhase section */
		3153DA1627EB581E0071264B /* Frameworks */ = {
			isa = PBXFrameworksBuildPhase;
			buildActionMask = 2147483647;
			files = (
				FE59612B55DEC4EB076831D7 /* Pods_instagram_project.framework in Frameworks */,
			);
			runOnlyForDeploymentPostprocessing = 0;
		};
		3153DA2C27EB58230071264B /* Frameworks */ = {
			isa = PBXFrameworksBuildPhase;
			buildActionMask = 2147483647;
			files = (
				C6FE91E1839E7785F1FFB08E /* Pods_instagram_projectTests.framework in Frameworks */,
			);
			runOnlyForDeploymentPostprocessing = 0;
		};
		3153DA3627EB58230071264B /* Frameworks */ = {
			isa = PBXFrameworksBuildPhase;
			buildActionMask = 2147483647;
			files = (
				8F8C1B3C320F82B4A887F991 /* Pods_instagram_project_instagram_projectUITests.framework in Frameworks */,
			);
			runOnlyForDeploymentPostprocessing = 0;
		};
/* End PBXFrameworksBuildPhase section */

/* Begin PBXGroup section */
		3153DA1027EB581E0071264B = {
			isa = PBXGroup;
			children = (
				3153DA1B27EB581E0071264B /* instagram_project */,
				3153DA3227EB58230071264B /* instagram_projectTests */,
				3153DA3C27EB58230071264B /* instagram_projectUITests */,
				3153DA1A27EB581E0071264B /* Products */,
				35095142B96662DEAB83ECCC /* Pods */,
				3D49AD813D97C486C238ADFA /* Frameworks */,
			);
			sourceTree = "<group>";
		};
		3153DA1A27EB581E0071264B /* Products */ = {
			isa = PBXGroup;
			children = (
				3153DA1927EB581E0071264B /* instagram_project.app */,
				3153DA2F27EB58230071264B /* instagram_projectTests.xctest */,
				3153DA3927EB58230071264B /* instagram_projectUITests.xctest */,
			);
			name = Products;
			sourceTree = "<group>";
		};
		3153DA1B27EB581E0071264B /* instagram_project */ = {
			isa = PBXGroup;
			children = (
				3153DA1C27EB581E0071264B /* AppDelegate.swift */,
				3153DA1E27EB581E0071264B /* SceneDelegate.swift */,
				3153DA2227EB581E0071264B /* Main.storyboard */,
				3153DA2527EB58220071264B /* Assets.xcassets */,
				3153DA2727EB58220071264B /* LaunchScreen.storyboard */,
				3153DA2A27EB58220071264B /* Info.plist */,
				3153DA4C27EB5DE90071264B /* LoginViewController.swift */,
				3153DA4E27EB5E000071264B /* FeedViewController.swift */,
				3153DA5027EB6EAD0071264B /* CameraViewController.swift */,
				3153DA5227EBAC950071264B /* PostCell.swift */,
			);
			path = instagram_project;
			sourceTree = "<group>";
		};
		3153DA3227EB58230071264B /* instagram_projectTests */ = {
			isa = PBXGroup;
			children = (
				3153DA3327EB58230071264B /* instagram_projectTests.swift */,
			);
			path = instagram_projectTests;
			sourceTree = "<group>";
		};
		3153DA3C27EB58230071264B /* instagram_projectUITests */ = {
			isa = PBXGroup;
			children = (
				3153DA3D27EB58230071264B /* instagram_projectUITests.swift */,
				3153DA3F27EB58230071264B /* instagram_projectUITestsLaunchTests.swift */,
			);
			path = instagram_projectUITests;
			sourceTree = "<group>";
		};
		35095142B96662DEAB83ECCC /* Pods */ = {
			isa = PBXGroup;
			children = (
				ADF2C8FB3468D8C848170068 /* Pods-instagram_project.debug.xcconfig */,
				1291E76378F65784478B95F3 /* Pods-instagram_project.release.xcconfig */,
				F6F99EC5634DF7E2D327182B /* Pods-instagram_project-instagram_projectUITests.debug.xcconfig */,
				311D82FA3398C13C46CB4D60 /* Pods-instagram_project-instagram_projectUITests.release.xcconfig */,
				FE2E2DD59F83F652A850ECFB /* Pods-instagram_projectTests.debug.xcconfig */,
				A01416E6E0971C3C2071D56E /* Pods-instagram_projectTests.release.xcconfig */,
			);
			path = Pods;
			sourceTree = "<group>";
		};
		3D49AD813D97C486C238ADFA /* Frameworks */ = {
			isa = PBXGroup;
			children = (
				DA5A2C4B9CC86987D7BE93D1 /* Pods_instagram_project.framework */,
				13CAA36B0CE5AC4043EB082D /* Pods_instagram_project_instagram_projectUITests.framework */,
				BB251715E6135D56DC94B4EC /* Pods_instagram_projectTests.framework */,
			);
			name = Frameworks;
			sourceTree = "<group>";
		};
/* End PBXGroup section */

/* Begin PBXNativeTarget section */
		3153DA1827EB581E0071264B /* instagram_project */ = {
			isa = PBXNativeTarget;
			buildConfigurationList = 3153DA4327EB58230071264B /* Build configuration list for PBXNativeTarget "instagram_project" */;
			buildPhases = (
				4CA5FFEA3CE6CFF58897523D /* [CP] Check Pods Manifest.lock */,
				3153DA1527EB581E0071264B /* Sources */,
				3153DA1627EB581E0071264B /* Frameworks */,
				3153DA1727EB581E0071264B /* Resources */,
				9684B49EAB1FB38FCA5D420D /* [CP] Embed Pods Frameworks */,
			);
			buildRules = (
			);
			dependencies = (
			);
			name = instagram_project;
			productName = instagram_project;
			productReference = 3153DA1927EB581E0071264B /* instagram_project.app */;
			productType = "com.apple.product-type.application";
		};
		3153DA2E27EB58230071264B /* instagram_projectTests */ = {
			isa = PBXNativeTarget;
			buildConfigurationList = 3153DA4627EB58230071264B /* Build configuration list for PBXNativeTarget "instagram_projectTests" */;
			buildPhases = (
				D07BCA70F15FC5F362F1269D /* [CP] Check Pods Manifest.lock */,
				3153DA2B27EB58230071264B /* Sources */,
				3153DA2C27EB58230071264B /* Frameworks */,
				3153DA2D27EB58230071264B /* Resources */,
			);
			buildRules = (
			);
			dependencies = (
				3153DA3127EB58230071264B /* PBXTargetDependency */,
			);
			name = instagram_projectTests;
			productName = instagram_projectTests;
			productReference = 3153DA2F27EB58230071264B /* instagram_projectTests.xctest */;
			productType = "com.apple.product-type.bundle.unit-test";
		};
		3153DA3827EB58230071264B /* instagram_projectUITests */ = {
			isa = PBXNativeTarget;
			buildConfigurationList = 3153DA4927EB58230071264B /* Build configuration list for PBXNativeTarget "instagram_projectUITests" */;
			buildPhases = (
				7C31970839F7A5059B7D1AA7 /* [CP] Check Pods Manifest.lock */,
				3153DA3527EB58230071264B /* Sources */,
				3153DA3627EB58230071264B /* Frameworks */,
				3153DA3727EB58230071264B /* Resources */,
				0B6C3B211C5BEAE8A18944F7 /* [CP] Embed Pods Frameworks */,
			);
			buildRules = (
			);
			dependencies = (
				3153DA3B27EB58230071264B /* PBXTargetDependency */,
			);
			name = instagram_projectUITests;
			productName = instagram_projectUITests;
			productReference = 3153DA3927EB58230071264B /* instagram_projectUITests.xctest */;
			productType = "com.apple.product-type.bundle.ui-testing";
		};
/* End PBXNativeTarget section */

/* Begin PBXProject section */
		3153DA1127EB581E0071264B /* Project object */ = {
			isa = PBXProject;
			attributes = {
				BuildIndependentTargetsInParallel = 1;
				LastSwiftUpdateCheck = 1320;
				LastUpgradeCheck = 1320;
				TargetAttributes = {
					3153DA1827EB581E0071264B = {
						CreatedOnToolsVersion = 13.2.1;
					};
					3153DA2E27EB58230071264B = {
						CreatedOnToolsVersion = 13.2.1;
						TestTargetID = 3153DA1827EB581E0071264B;
					};
					3153DA3827EB58230071264B = {
						CreatedOnToolsVersion = 13.2.1;
						TestTargetID = 3153DA1827EB581E0071264B;
					};
				};
			};
			buildConfigurationList = 3153DA1427EB581E0071264B /* Build configuration list for PBXProject "instagram_project" */;
			compatibilityVersion = "Xcode 13.0";
			developmentRegion = en;
			hasScannedForEncodings = 0;
			knownRegions = (
				en,
				Base,
			);
			mainGroup = 3153DA1027EB581E0071264B;
			productRefGroup = 3153DA1A27EB581E0071264B /* Products */;
			projectDirPath = "";
			projectRoot = "";
			targets = (
				3153DA1827EB581E0071264B /* instagram_project */,
				3153DA2E27EB58230071264B /* instagram_projectTests */,
				3153DA3827EB58230071264B /* instagram_projectUITests */,
			);
		};
/* End PBXProject section */

/* Begin PBXResourcesBuildPhase section */
		3153DA1727EB581E0071264B /* Resources */ = {
			isa = PBXResourcesBuildPhase;
			buildActionMask = 2147483647;
			files = (
				3153DA2927EB58220071264B /* LaunchScreen.storyboard in Resources */,
				3153DA2627EB58220071264B /* Assets.xcassets in Resources */,
				3153DA2427EB581E0071264B /* Main.storyboard in Resources */,
			);
			runOnlyForDeploymentPostprocessing = 0;
		};
		3153DA2D27EB58230071264B /* Resources */ = {
			isa = PBXResourcesBuildPhase;
			buildActionMask = 2147483647;
			files = (
			);
			runOnlyForDeploymentPostprocessing = 0;
		};
		3153DA3727EB58230071264B /* Resources */ = {
			isa = PBXResourcesBuildPhase;
			buildActionMask = 2147483647;
			files = (
			);
			runOnlyForDeploymentPostprocessing = 0;
		};
/* End PBXResourcesBuildPhase section */

/* Begin PBXShellScriptBuildPhase section */
		0B6C3B211C5BEAE8A18944F7 /* [CP] Embed Pods Frameworks */ = {
			isa = PBXShellScriptBuildPhase;
			buildActionMask = 2147483647;
			files = (
			);
			inputFileListPaths = (
				"${PODS_ROOT}/Target Support Files/Pods-instagram_project-instagram_projectUITests/Pods-instagram_project-instagram_projectUITests-frameworks-${CONFIGURATION}-input-files.xcfilelist",
			);
			name = "[CP] Embed Pods Frameworks";
			outputFileListPaths = (
				"${PODS_ROOT}/Target Support Files/Pods-instagram_project-instagram_projectUITests/Pods-instagram_project-instagram_projectUITests-frameworks-${CONFIGURATION}-output-files.xcfilelist",
			);
			runOnlyForDeploymentPostprocessing = 0;
			shellPath = /bin/sh;
			shellScript = "\"${PODS_ROOT}/Target Support Files/Pods-instagram_project-instagram_projectUITests/Pods-instagram_project-instagram_projectUITests-frameworks.sh\"\n";
			showEnvVarsInLog = 0;
		};
		4CA5FFEA3CE6CFF58897523D /* [CP] Check Pods Manifest.lock */ = {
			isa = PBXShellScriptBuildPhase;
			buildActionMask = 2147483647;
			files = (
			);
			inputFileListPaths = (
			);
			inputPaths = (
				"${PODS_PODFILE_DIR_PATH}/Podfile.lock",
				"${PODS_ROOT}/Manifest.lock",
			);
			name = "[CP] Check Pods Manifest.lock";
			outputFileListPaths = (
			);
			outputPaths = (
				"$(DERIVED_FILE_DIR)/Pods-instagram_project-checkManifestLockResult.txt",
			);
			runOnlyForDeploymentPostprocessing = 0;
			shellPath = /bin/sh;
			shellScript = "diff \"${PODS_PODFILE_DIR_PATH}/Podfile.lock\" \"${PODS_ROOT}/Manifest.lock\" > /dev/null\nif [ $? != 0 ] ; then\n    # print error to STDERR\n    echo \"error: The sandbox is not in sync with the Podfile.lock. Run 'pod install' or update your CocoaPods installation.\" >&2\n    exit 1\nfi\n# This output is used by Xcode 'outputs' to avoid re-running this script phase.\necho \"SUCCESS\" > \"${SCRIPT_OUTPUT_FILE_0}\"\n";
			showEnvVarsInLog = 0;
		};
		7C31970839F7A5059B7D1AA7 /* [CP] Check Pods Manifest.lock */ = {
			isa = PBXShellScriptBuildPhase;
			buildActionMask = 2147483647;
			files = (
			);
			inputFileListPaths = (
			);
			inputPaths = (
				"${PODS_PODFILE_DIR_PATH}/Podfile.lock",
				"${PODS_ROOT}/Manifest.lock",
			);
			name = "[CP] Check Pods Manifest.lock";
			outputFileListPaths = (
			);
			outputPaths = (
				"$(DERIVED_FILE_DIR)/Pods-instagram_project-instagram_projectUITests-checkManifestLockResult.txt",
			);
			runOnlyForDeploymentPostprocessing = 0;
			shellPath = /bin/sh;
			shellScript = "diff \"${PODS_PODFILE_DIR_PATH}/Podfile.lock\" \"${PODS_ROOT}/Manifest.lock\" > /dev/null\nif [ $? != 0 ] ; then\n    # print error to STDERR\n    echo \"error: The sandbox is not in sync with the Podfile.lock. Run 'pod install' or update your CocoaPods installation.\" >&2\n    exit 1\nfi\n# This output is used by Xcode 'outputs' to avoid re-running this script phase.\necho \"SUCCESS\" > \"${SCRIPT_OUTPUT_FILE_0}\"\n";
			showEnvVarsInLog = 0;
		};
		9684B49EAB1FB38FCA5D420D /* [CP] Embed Pods Frameworks */ = {
			isa = PBXShellScriptBuildPhase;
			buildActionMask = 2147483647;
			files = (
			);
			inputFileListPaths = (
				"${PODS_ROOT}/Target Support Files/Pods-instagram_project/Pods-instagram_project-frameworks-${CONFIGURATION}-input-files.xcfilelist",
			);
			name = "[CP] Embed Pods Frameworks";
			outputFileListPaths = (
				"${PODS_ROOT}/Target Support Files/Pods-instagram_project/Pods-instagram_project-frameworks-${CONFIGURATION}-output-files.xcfilelist",
			);
			runOnlyForDeploymentPostprocessing = 0;
			shellPath = /bin/sh;
			shellScript = "\"${PODS_ROOT}/Target Support Files/Pods-instagram_project/Pods-instagram_project-frameworks.sh\"\n";
			showEnvVarsInLog = 0;
		};
		D07BCA70F15FC5F362F1269D /* [CP] Check Pods Manifest.lock */ = {
			isa = PBXShellScriptBuildPhase;
			buildActionMask = 2147483647;
			files = (
			);
			inputFileListPaths = (
			);
			inputPaths = (
				"${PODS_PODFILE_DIR_PATH}/Podfile.lock",
				"${PODS_ROOT}/Manifest.lock",
			);
			name = "[CP] Check Pods Manifest.lock";
			outputFileListPaths = (
			);
			outputPaths = (
				"$(DERIVED_FILE_DIR)/Pods-instagram_projectTests-checkManifestLockResult.txt",
			);
			runOnlyForDeploymentPostprocessing = 0;
			shellPath = /bin/sh;
			shellScript = "diff \"${PODS_PODFILE_DIR_PATH}/Podfile.lock\" \"${PODS_ROOT}/Manifest.lock\" > /dev/null\nif [ $? != 0 ] ; then\n    # print error to STDERR\n    echo \"error: The sandbox is not in sync with the Podfile.lock. Run 'pod install' or update your CocoaPods installation.\" >&2\n    exit 1\nfi\n# This output is used by Xcode 'outputs' to avoid re-running this script phase.\necho \"SUCCESS\" > \"${SCRIPT_OUTPUT_FILE_0}\"\n";
			showEnvVarsInLog = 0;
		};
/* End PBXShellScriptBuildPhase section */

/* Begin PBXSourcesBuildPhase section */
		3153DA1527EB581E0071264B /* Sources */ = {
			isa = PBXSourcesBuildPhase;
			buildActionMask = 2147483647;
			files = (
				3153DA4D27EB5DE90071264B /* LoginViewController.swift in Sources */,
				3153DA5127EB6EAD0071264B /* CameraViewController.swift in Sources */,
				3153DA1D27EB581E0071264B /* AppDelegate.swift in Sources */,
				3153DA4F27EB5E000071264B /* FeedViewController.swift in Sources */,
				3153DA1F27EB581E0071264B /* SceneDelegate.swift in Sources */,
				3153DA5327EBAC950071264B /* PostCell.swift in Sources */,
			);
			runOnlyForDeploymentPostprocessing = 0;
		};
		3153DA2B27EB58230071264B /* Sources */ = {
			isa = PBXSourcesBuildPhase;
			buildActionMask = 2147483647;
			files = (
				3153DA3427EB58230071264B /* instagram_projectTests.swift in Sources */,
			);
			runOnlyForDeploymentPostprocessing = 0;
		};
		3153DA3527EB58230071264B /* Sources */ = {
			isa = PBXSourcesBuildPhase;
			buildActionMask = 2147483647;
			files = (
				3153DA3E27EB58230071264B /* instagram_projectUITests.swift in Sources */,
				3153DA4027EB58230071264B /* instagram_projectUITestsLaunchTests.swift in Sources */,
			);
			runOnlyForDeploymentPostprocessing = 0;
		};
/* End PBXSourcesBuildPhase section */

/* Begin PBXTargetDependency section */
		3153DA3127EB58230071264B /* PBXTargetDependency */ = {
			isa = PBXTargetDependency;
			target = 3153DA1827EB581E0071264B /* instagram_project */;
			targetProxy = 3153DA3027EB58230071264B /* PBXContainerItemProxy */;
		};
		3153DA3B27EB58230071264B /* PBXTargetDependency */ = {
			isa = PBXTargetDependency;
			target = 3153DA1827EB581E0071264B /* instagram_project */;
			targetProxy = 3153DA3A27EB58230071264B /* PBXContainerItemProxy */;
		};
/* End PBXTargetDependency section */

/* Begin PBXVariantGroup section */
		3153DA2227EB581E0071264B /* Main.storyboard */ = {
			isa = PBXVariantGroup;
			children = (
				3153DA2327EB581E0071264B /* Base */,
			);
			name = Main.storyboard;
			sourceTree = "<group>";
		};
		3153DA2727EB58220071264B /* LaunchScreen.storyboard */ = {
			isa = PBXVariantGroup;
			children = (
				3153DA2827EB58220071264B /* Base */,
			);
			name = LaunchScreen.storyboard;
			sourceTree = "<group>";
		};
/* End PBXVariantGroup section */

/* Begin XCBuildConfiguration section */
		3153DA4127EB58230071264B /* Debug */ = {
			isa = XCBuildConfiguration;
			buildSettings = {
				ALWAYS_SEARCH_USER_PATHS = NO;
				CLANG_ANALYZER_NONNULL = YES;
				CLANG_ANALYZER_NUMBER_OBJECT_CONVERSION = YES_AGGRESSIVE;
				CLANG_CXX_LANGUAGE_STANDARD = "gnu++17";
				CLANG_CXX_LIBRARY = "libc++";
				CLANG_ENABLE_MODULES = YES;
				CLANG_ENABLE_OBJC_ARC = YES;
				CLANG_ENABLE_OBJC_WEAK = YES;
				CLANG_WARN_BLOCK_CAPTURE_AUTORELEASING = YES;
				CLANG_WARN_BOOL_CONVERSION = YES;
				CLANG_WARN_COMMA = YES;
				CLANG_WARN_CONSTANT_CONVERSION = YES;
				CLANG_WARN_DEPRECATED_OBJC_IMPLEMENTATIONS = YES;
				CLANG_WARN_DIRECT_OBJC_ISA_USAGE = YES_ERROR;
				CLANG_WARN_DOCUMENTATION_COMMENTS = YES;
				CLANG_WARN_EMPTY_BODY = YES;
				CLANG_WARN_ENUM_CONVERSION = YES;
				CLANG_WARN_INFINITE_RECURSION = YES;
				CLANG_WARN_INT_CONVERSION = YES;
				CLANG_WARN_NON_LITERAL_NULL_CONVERSION = YES;
				CLANG_WARN_OBJC_IMPLICIT_RETAIN_SELF = YES;
				CLANG_WARN_OBJC_LITERAL_CONVERSION = YES;
				CLANG_WARN_OBJC_ROOT_CLASS = YES_ERROR;
				CLANG_WARN_QUOTED_INCLUDE_IN_FRAMEWORK_HEADER = YES;
				CLANG_WARN_RANGE_LOOP_ANALYSIS = YES;
				CLANG_WARN_STRICT_PROTOTYPES = YES;
				CLANG_WARN_SUSPICIOUS_MOVE = YES;
				CLANG_WARN_UNGUARDED_AVAILABILITY = YES_AGGRESSIVE;
				CLANG_WARN_UNREACHABLE_CODE = YES;
				CLANG_WARN__DUPLICATE_METHOD_MATCH = YES;
				COPY_PHASE_STRIP = NO;
				DEBUG_INFORMATION_FORMAT = dwarf;
				ENABLE_STRICT_OBJC_MSGSEND = YES;
				ENABLE_TESTABILITY = YES;
				GCC_C_LANGUAGE_STANDARD = gnu11;
				GCC_DYNAMIC_NO_PIC = NO;
				GCC_NO_COMMON_BLOCKS = YES;
				GCC_OPTIMIZATION_LEVEL = 0;
				GCC_PREPROCESSOR_DEFINITIONS = (
					"DEBUG=1",
					"$(inherited)",
				);
				GCC_WARN_64_TO_32_BIT_CONVERSION = YES;
				GCC_WARN_ABOUT_RETURN_TYPE = YES_ERROR;
				GCC_WARN_UNDECLARED_SELECTOR = YES;
				GCC_WARN_UNINITIALIZED_AUTOS = YES_AGGRESSIVE;
				GCC_WARN_UNUSED_FUNCTION = YES;
				GCC_WARN_UNUSED_VARIABLE = YES;
				IPHONEOS_DEPLOYMENT_TARGET = 15.2;
				MTL_ENABLE_DEBUG_INFO = INCLUDE_SOURCE;
				MTL_FAST_MATH = YES;
				ONLY_ACTIVE_ARCH = YES;
				SDKROOT = iphoneos;
				SWIFT_ACTIVE_COMPILATION_CONDITIONS = DEBUG;
				SWIFT_OPTIMIZATION_LEVEL = "-Onone";
			};
			name = Debug;
		};
		3153DA4227EB58230071264B /* Release */ = {
			isa = XCBuildConfiguration;
			buildSettings = {
				ALWAYS_SEARCH_USER_PATHS = NO;
				CLANG_ANALYZER_NONNULL = YES;
				CLANG_ANALYZER_NUMBER_OBJECT_CONVERSION = YES_AGGRESSIVE;
				CLANG_CXX_LANGUAGE_STANDARD = "gnu++17";
				CLANG_CXX_LIBRARY = "libc++";
				CLANG_ENABLE_MODULES = YES;
				CLANG_ENABLE_OBJC_ARC = YES;
				CLANG_ENABLE_OBJC_WEAK = YES;
				CLANG_WARN_BLOCK_CAPTURE_AUTORELEASING = YES;
				CLANG_WARN_BOOL_CONVERSION = YES;
				CLANG_WARN_COMMA = YES;
				CLANG_WARN_CONSTANT_CONVERSION = YES;
				CLANG_WARN_DEPRECATED_OBJC_IMPLEMENTATIONS = YES;
				CLANG_WARN_DIRECT_OBJC_ISA_USAGE = YES_ERROR;
				CLANG_WARN_DOCUMENTATION_COMMENTS = YES;
				CLANG_WARN_EMPTY_BODY = YES;
				CLANG_WARN_ENUM_CONVERSION = YES;
				CLANG_WARN_INFINITE_RECURSION = YES;
				CLANG_WARN_INT_CONVERSION = YES;
				CLANG_WARN_NON_LITERAL_NULL_CONVERSION = YES;
				CLANG_WARN_OBJC_IMPLICIT_RETAIN_SELF = YES;
				CLANG_WARN_OBJC_LITERAL_CONVERSION = YES;
				CLANG_WARN_OBJC_ROOT_CLASS = YES_ERROR;
				CLANG_WARN_QUOTED_INCLUDE_IN_FRAMEWORK_HEADER = YES;
				CLANG_WARN_RANGE_LOOP_ANALYSIS = YES;
				CLANG_WARN_STRICT_PROTOTYPES = YES;
				CLANG_WARN_SUSPICIOUS_MOVE = YES;
				CLANG_WARN_UNGUARDED_AVAILABILITY = YES_AGGRESSIVE;
				CLANG_WARN_UNREACHABLE_CODE = YES;
				CLANG_WARN__DUPLICATE_METHOD_MATCH = YES;
				COPY_PHASE_STRIP = NO;
				DEBUG_INFORMATION_FORMAT = "dwarf-with-dsym";
				ENABLE_NS_ASSERTIONS = NO;
				ENABLE_STRICT_OBJC_MSGSEND = YES;
				GCC_C_LANGUAGE_STANDARD = gnu11;
				GCC_NO_COMMON_BLOCKS = YES;
				GCC_WARN_64_TO_32_BIT_CONVERSION = YES;
				GCC_WARN_ABOUT_RETURN_TYPE = YES_ERROR;
				GCC_WARN_UNDECLARED_SELECTOR = YES;
				GCC_WARN_UNINITIALIZED_AUTOS = YES_AGGRESSIVE;
				GCC_WARN_UNUSED_FUNCTION = YES;
				GCC_WARN_UNUSED_VARIABLE = YES;
				IPHONEOS_DEPLOYMENT_TARGET = 15.2;
				MTL_ENABLE_DEBUG_INFO = NO;
				MTL_FAST_MATH = YES;
				SDKROOT = iphoneos;
				SWIFT_COMPILATION_MODE = wholemodule;
				SWIFT_OPTIMIZATION_LEVEL = "-O";
				VALIDATE_PRODUCT = YES;
			};
			name = Release;
		};
		3153DA4427EB58230071264B /* Debug */ = {
			isa = XCBuildConfiguration;
			baseConfigurationReference = ADF2C8FB3468D8C848170068 /* Pods-instagram_project.debug.xcconfig */;
			buildSettings = {
				ASSETCATALOG_COMPILER_APPICON_NAME = AppIcon;
				ASSETCATALOG_COMPILER_GLOBAL_ACCENT_COLOR_NAME = AccentColor;
				CODE_SIGN_STYLE = Automatic;
				CURRENT_PROJECT_VERSION = 1;
				DEVELOPMENT_TEAM = AZ995T39H5;
				GENERATE_INFOPLIST_FILE = YES;
				INFOPLIST_FILE = instagram_project/Info.plist;
				INFOPLIST_KEY_UIApplicationSupportsIndirectInputEvents = YES;
				INFOPLIST_KEY_UILaunchStoryboardName = LaunchScreen;
				INFOPLIST_KEY_UIMainStoryboardFile = Main;
				INFOPLIST_KEY_UISupportedInterfaceOrientations_iPad = "UIInterfaceOrientationPortrait UIInterfaceOrientationPortraitUpsideDown UIInterfaceOrientationLandscapeLeft UIInterfaceOrientationLandscapeRight";
				INFOPLIST_KEY_UISupportedInterfaceOrientations_iPhone = "UIInterfaceOrientationPortrait UIInterfaceOrientationLandscapeLeft UIInterfaceOrientationLandscapeRight";
				LD_RUNPATH_SEARCH_PATHS = (
					"$(inherited)",
					"@executable_path/Frameworks",
				);
				MARKETING_VERSION = 1.0;
				PRODUCT_BUNDLE_IDENTIFIER = "minjie-shen.instagram-project";
				PRODUCT_NAME = "$(TARGET_NAME)";
				SWIFT_EMIT_LOC_STRINGS = YES;
				SWIFT_VERSION = 5.0;
				TARGETED_DEVICE_FAMILY = "1,2";
			};
			name = Debug;
		};
		3153DA4527EB58230071264B /* Release */ = {
			isa = XCBuildConfiguration;
			baseConfigurationReference = 1291E76378F65784478B95F3 /* Pods-instagram_project.release.xcconfig */;
			buildSettings = {
				ASSETCATALOG_COMPILER_APPICON_NAME = AppIcon;
				ASSETCATALOG_COMPILER_GLOBAL_ACCENT_COLOR_NAME = AccentColor;
				CODE_SIGN_STYLE = Automatic;
				CURRENT_PROJECT_VERSION = 1;
				DEVELOPMENT_TEAM = AZ995T39H5;
				GENERATE_INFOPLIST_FILE = YES;
				INFOPLIST_FILE = instagram_project/Info.plist;
				INFOPLIST_KEY_UIApplicationSupportsIndirectInputEvents = YES;
				INFOPLIST_KEY_UILaunchStoryboardName = LaunchScreen;
				INFOPLIST_KEY_UIMainStoryboardFile = Main;
				INFOPLIST_KEY_UISupportedInterfaceOrientations_iPad = "UIInterfaceOrientationPortrait UIInterfaceOrientationPortraitUpsideDown UIInterfaceOrientationLandscapeLeft UIInterfaceOrientationLandscapeRight";
				INFOPLIST_KEY_UISupportedInterfaceOrientations_iPhone = "UIInterfaceOrientationPortrait UIInterfaceOrientationLandscapeLeft UIInterfaceOrientationLandscapeRight";
				LD_RUNPATH_SEARCH_PATHS = (
					"$(inherited)",
					"@executable_path/Frameworks",
				);
				MARKETING_VERSION = 1.0;
				PRODUCT_BUNDLE_IDENTIFIER = "minjie-shen.instagram-project";
				PRODUCT_NAME = "$(TARGET_NAME)";
				SWIFT_EMIT_LOC_STRINGS = YES;
				SWIFT_VERSION = 5.0;
				TARGETED_DEVICE_FAMILY = "1,2";
			};
			name = Release;
		};
		3153DA4727EB58230071264B /* Debug */ = {
			isa = XCBuildConfiguration;
			baseConfigurationReference = FE2E2DD59F83F652A850ECFB /* Pods-instagram_projectTests.debug.xcconfig */;
			buildSettings = {
				ALWAYS_EMBED_SWIFT_STANDARD_LIBRARIES = YES;
				BUNDLE_LOADER = "$(TEST_HOST)";
				CODE_SIGN_STYLE = Automatic;
				CURRENT_PROJECT_VERSION = 1;
				DEVELOPMENT_TEAM = AZ995T39H5;
				GENERATE_INFOPLIST_FILE = YES;
				IPHONEOS_DEPLOYMENT_TARGET = 15.2;
				MARKETING_VERSION = 1.0;
				PRODUCT_BUNDLE_IDENTIFIER = "minjie-shen.instagram-projectTests";
				PRODUCT_NAME = "$(TARGET_NAME)";
				SWIFT_EMIT_LOC_STRINGS = NO;
				SWIFT_VERSION = 5.0;
				TARGETED_DEVICE_FAMILY = "1,2";
				TEST_HOST = "$(BUILT_PRODUCTS_DIR)/instagram_project.app/instagram_project";
			};
			name = Debug;
		};
		3153DA4827EB58230071264B /* Release */ = {
			isa = XCBuildConfiguration;
			baseConfigurationReference = A01416E6E0971C3C2071D56E /* Pods-instagram_projectTests.release.xcconfig */;
			buildSettings = {
				ALWAYS_EMBED_SWIFT_STANDARD_LIBRARIES = YES;
				BUNDLE_LOADER = "$(TEST_HOST)";
				CODE_SIGN_STYLE = Automatic;
				CURRENT_PROJECT_VERSION = 1;
				DEVELOPMENT_TEAM = AZ995T39H5;
				GENERATE_INFOPLIST_FILE = YES;
				IPHONEOS_DEPLOYMENT_TARGET = 15.2;
				MARKETING_VERSION = 1.0;
				PRODUCT_BUNDLE_IDENTIFIER = "minjie-shen.instagram-projectTests";
				PRODUCT_NAME = "$(TARGET_NAME)";
				SWIFT_EMIT_LOC_STRINGS = NO;
				SWIFT_VERSION = 5.0;
				TARGETED_DEVICE_FAMILY = "1,2";
				TEST_HOST = "$(BUILT_PRODUCTS_DIR)/instagram_project.app/instagram_project";
			};
			name = Release;
		};
		3153DA4A27EB58230071264B /* Debug */ = {
			isa = XCBuildConfiguration;
			baseConfigurationReference = F6F99EC5634DF7E2D327182B /* Pods-instagram_project-instagram_projectUITests.debug.xcconfig */;
			buildSettings = {
				ALWAYS_EMBED_SWIFT_STANDARD_LIBRARIES = YES;
				CODE_SIGN_STYLE = Automatic;
				CURRENT_PROJECT_VERSION = 1;
				DEVELOPMENT_TEAM = AZ995T39H5;
				GENERATE_INFOPLIST_FILE = YES;
				MARKETING_VERSION = 1.0;
				PRODUCT_BUNDLE_IDENTIFIER = "minjie-shen.instagram-projectUITests";
				PRODUCT_NAME = "$(TARGET_NAME)";
				SWIFT_EMIT_LOC_STRINGS = NO;
				SWIFT_VERSION = 5.0;
				TARGETED_DEVICE_FAMILY = "1,2";
				TEST_TARGET_NAME = instagram_project;
			};
			name = Debug;
		};
		3153DA4B27EB58230071264B /* Release */ = {
			isa = XCBuildConfiguration;
			baseConfigurationReference = 311D82FA3398C13C46CB4D60 /* Pods-instagram_project-instagram_projectUITests.release.xcconfig */;
			buildSettings = {
				ALWAYS_EMBED_SWIFT_STANDARD_LIBRARIES = YES;
				CODE_SIGN_STYLE = Automatic;
				CURRENT_PROJECT_VERSION = 1;
				DEVELOPMENT_TEAM = AZ995T39H5;
				GENERATE_INFOPLIST_FILE = YES;
				MARKETING_VERSION = 1.0;
				PRODUCT_BUNDLE_IDENTIFIER = "minjie-shen.instagram-projectUITests";
				PRODUCT_NAME = "$(TARGET_NAME)";
				SWIFT_EMIT_LOC_STRINGS = NO;
				SWIFT_VERSION = 5.0;
				TARGETED_DEVICE_FAMILY = "1,2";
				TEST_TARGET_NAME = instagram_project;
			};
			name = Release;
		};
/* End XCBuildConfiguration section */

/* Begin XCConfigurationList section */
		3153DA1427EB581E0071264B /* Build configuration list for PBXProject "instagram_project" */ = {
			isa = XCConfigurationList;
			buildConfigurations = (
				3153DA4127EB58230071264B /* Debug */,
				3153DA4227EB58230071264B /* Release */,
			);
			defaultConfigurationIsVisible = 0;
			defaultConfigurationName = Release;
		};
		3153DA4327EB58230071264B /* Build configuration list for PBXNativeTarget "instagram_project" */ = {
			isa = XCConfigurationList;
			buildConfigurations = (
				3153DA4427EB58230071264B /* Debug */,
				3153DA4527EB58230071264B /* Release */,
			);
			defaultConfigurationIsVisible = 0;
			defaultConfigurationName = Release;
		};
		3153DA4627EB58230071264B /* Build configuration list for PBXNativeTarget "instagram_projectTests" */ = {
			isa = XCConfigurationList;
			buildConfigurations = (
				3153DA4727EB58230071264B /* Debug */,
				3153DA4827EB58230071264B /* Release */,
			);
			defaultConfigurationIsVisible = 0;
			defaultConfigurationName = Release;
		};
		3153DA4927EB58230071264B /* Build configuration list for PBXNativeTarget "instagram_projectUITests" */ = {
			isa = XCConfigurationList;
			buildConfigurations = (
				3153DA4A27EB58230071264B /* Debug */,
				3153DA4B27EB58230071264B /* Release */,
			);
			defaultConfigurationIsVisible = 0;
			defaultConfigurationName = Release;
		};
/* End XCConfigurationList section */
	};
	rootObject = 3153DA1127EB581E0071264B /* Project object */;
}
